
Microsoft Visual Studio Solution File, Format Version 12.00
# Visual Studio 2013
VisualStudioVersion = 12.0.30723.0
MinimumVisualStudioVersion = 10.0.40219.1
Project("{FAE04EC0-301F-11D3-BF4B-00C04F79EFBC}") = "1_WpfGridControlOutOfBox", "WpfGridControlOutOfBox\1_WpfGridControlOutOfBox.csproj", "{F4AACAA7-7A2F-400B-BDDF-6866792278D0}"
EndProject
Project("{FAE04EC0-301F-11D3-BF4B-00C04F79EFBC}") = "2_WPFGridControlOOBCustomColumns", "WPFGridControlOOBCustomColumns\2_WPFGridControlOOBCustomColumns.csproj", "{8F6E23F2-4B82-42CA-BF07-A9A3FA7307F2}"
EndProject
Project("{FAE04EC0-301F-11D3-BF4B-00C04F79EFBC}") = "3_WPFGridControlOOBCustomBands", "WPFGridControlOOBCustomBands\3_WPFGridControlOOBCustomBands.csproj", "{B559D64A-69FD-471F-BB15-BB9B302FFFFC}"
EndProject
Project("{FAE04EC0-301F-11D3-BF4B-00C04F79EFBC}") = "4_WPFGridControlCustomBehavior", "WPFGridControlCustomBehavior\4_WPFGridControlCustomBehavior.csproj", "{823985A3-A86E-4E48-9CE2-EE9180FFF893}"
EndProject
Project("{FAE04EC0-301F-11D3-BF4B-00C04F79EFBC}") = "5_WPFGridControlCustomBandBehaviour", "WPFGridControlCustomBandBehaviour\5_WPFGridControlCustomBandBehaviour.csproj", "{9831EC21-096F-4F4D-A5A4-5C55914BB4B6}"
EndProject
Global
	GlobalSection(SolutionConfigurationPlatforms) = preSolution
		Debug|Any CPU = Debug|Any CPU
		Release|Any CPU = Release|Any CPU
	EndGlobalSection
	GlobalSection(ProjectConfigurationPlatforms) = postSolution
		{F4AACAA7-7A2F-400B-BDDF-6866792278D0}.Debug|Any CPU.ActiveCfg = Debug|Any CPU
		{F4AACAA7-7A2F-400B-BDDF-6866792278D0}.Debug|Any CPU.Build.0 = Debug|Any CPU
		{F4AACAA7-7A2F-400B-BDDF-6866792278D0}.Release|Any CPU.ActiveCfg = Release|Any CPU
		{F4AACAA7-7A2F-400B-BDDF-6866792278D0}.Release|Any CPU.Build.0 = Release|Any CPU
		{8F6E23F2-4B82-42CA-BF07-A9A3FA7307F2}.Debug|Any CPU.ActiveCfg = Debug|Any CPU
		{8F6E23F2-4B82-42CA-BF07-A9A3FA7307F2}.Debug|Any CPU.Build.0 = Debug|Any CPU
		{8F6E23F2-4B82-42CA-BF07-A9A3FA7307F2}.Release|Any CPU.ActiveCfg = Release|Any CPU
		{8F6E23F2-4B82-42CA-BF07-A9A3FA7307F2}.Release|Any CPU.Build.0 = Release|Any CPU
		{B559D64A-69FD-471F-BB15-BB9B302FFFFC}.Debug|Any CPU.ActiveCfg = Debug|Any CPU
		{B559D64A-69FD-471F-BB15-BB9B302FFFFC}.Debug|Any CPU.Build.0 = Debug|Any CPU
		{B559D64A-69FD-471F-BB15-BB9B302FFFFC}.Release|Any CPU.ActiveCfg = Release|Any CPU
		{B559D64A-69FD-471F-BB15-BB9B302FFFFC}.Release|Any CPU.Build.0 = Release|Any CPU
		{823985A3-A86E-4E48-9CE2-EE9180FFF893}.Debug|Any CPU.ActiveCfg = Debug|Any CPU
		{823985A3-A86E-4E48-9CE2-EE9180FFF893}.Debug|Any CPU.Build.0 = Debug|Any CPU
		{823985A3-A86E-4E48-9CE2-EE9180FFF893}.Release|Any CPU.ActiveCfg = Release|Any CPU
		{823985A3-A86E-4E48-9CE2-EE9180FFF893}.Release|Any CPU.Build.0 = Release|Any CPU
		{9831EC21-096F-4F4D-A5A4-5C55914BB4B6}.Debug|Any CPU.ActiveCfg = Debug|Any CPU
		{9831EC21-096F-4F4D-A5A4-5C55914BB4B6}.Debug|Any CPU.Build.0 = Debug|Any CPU
		{9831EC21-096F-4F4D-A5A4-5C55914BB4B6}.Release|Any CPU.ActiveCfg = Release|Any CPU
		{9831EC21-096F-4F4D-A5A4-5C55914BB4B6}.Release|Any CPU.Build.0 = Release|Any CPU
	EndGlobalSection
	GlobalSection(SolutionProperties) = preSolution
		HideSolutionNode = FALSE
	EndGlobalSection
EndGlobal
